
Microsoft Visual Studio Solution File, Format Version 12.00
# Visual Studio Version 18
VisualStudioVersion = 18.3.11222.16
MinimumVisualStudioVersion = 10.0.40219.1
Project("{FAE04EC0-301F-11D3-BF4B-00C04F79EFBC}") = "DungeonCrawlerWorld", "DungeonCrawlerWorld\DungeonCrawlerWorld.csproj", "{69C0D33C-52BD-4CC3-AE28-917C39A2D336}"
EndProject
Project("{FAE04EC0-301F-11D3-BF4B-00C04F79EFBC}") = "Engine", "Engine\Engine.csproj", "{0266DE6C-3402-4778-B587-97B8A7368A6C}"
EndProject
Project("{FAE04EC0-301F-11D3-BF4B-00C04F79EFBC}") = "Game", "Game\Game.csproj", "{B69114CF-193C-421D-BA1D-2B8090CEE889}"
EndProject
Project("{FAE04EC0-301F-11D3-BF4B-00C04F79EFBC}") = "Presentation", "Presentation\Presentation.csproj", "{6992B26C-A0EB-4371-A5CF-947C436B22A6}"
EndProject
Project("{FAE04EC0-301F-11D3-BF4B-00C04F79EFBC}") = "Content", "Content\Content.csproj", "{856BF00B-15C2-4591-9A07-658C67293A43}"
EndProject
Project("{FAE04EC0-301F-11D3-BF4B-00C04F79EFBC}") = "Tests", "Tests\Tests.csproj", "{62390703-B387-456A-9B94-3548B93010ED}"
EndProject
Project("{FAE04EC0-301F-11D3-BF4B-00C04F79EFBC}") = "Mods.ExampleMod", "Mods\Mods.ExampleMod\Mods.ExampleMod.csproj", "{A1B2C3D4-5E6F-4789-9ABC-DEF012345678}"
EndProject
Project("{FAE04EC0-301F-11D3-BF4B-00C04F79EFBC}") = "Mods.TestFixtures", "Mods\Mods.TestFixtures\Mods.TestFixtures.csproj", "{B2C3D4E5-6F70-4890-ABCD-EF0123456789}"
EndProject
Project("{2150E333-8FDC-42A3-9474-1A3956D46DE8}") = "Mods", "Mods", "{C3D4E5F6-7081-4901-BCDE-F01234567890}"
EndProject
Global
	GlobalSection(SolutionConfigurationPlatforms) = preSolution
		Debug|Any CPU = Debug|Any CPU
		Debug|x64 = Debug|x64
		Debug|x86 = Debug|x86
		Release|Any CPU = Release|Any CPU
		Release|x64 = Release|x64
		Release|x86 = Release|x86
	EndGlobalSection
	GlobalSection(ProjectConfigurationPlatforms) = postSolution
		{69C0D33C-52BD-4CC3-AE28-917C39A2D336}.Debug|Any CPU.ActiveCfg = Debug|Any CPU
		{69C0D33C-52BD-4CC3-AE28-917C39A2D336}.Debug|Any CPU.Build.0 = Debug|Any CPU
		{69C0D33C-52BD-4CC3-AE28-917C39A2D336}.Debug|x64.ActiveCfg = Debug|Any CPU
		{69C0D33C-52BD-4CC3-AE28-917C39A2D336}.Debug|x64.Build.0 = Debug|Any CPU
		{69C0D33C-52BD-4CC3-AE28-917C39A2D336}.Debug|x86.ActiveCfg = Debug|Any CPU
		{69C0D33C-52BD-4CC3-AE28-917C39A2D336}.Debug|x86.Build.0 = Debug|Any CPU
		{69C0D33C-52BD-4CC3-AE28-917C39A2D336}.Release|Any CPU.ActiveCfg = Release|Any CPU
		{69C0D33C-52BD-4CC3-AE28-917C39A2D336}.Release|Any CPU.Build.0 = Release|Any CPU
		{69C0D33C-52BD-4CC3-AE28-917C39A2D336}.Release|x64.ActiveCfg = Release|Any CPU
		{69C0D33C-52BD-4CC3-AE28-917C39A2D336}.Release|x64.Build.0 = Release|Any CPU
		{69C0D33C-52BD-4CC3-AE28-917C39A2D336}.Release|x86.ActiveCfg = Release|Any CPU
		{69C0D33C-52BD-4CC3-AE28-917C39A2D336}.Release|x86.Build.0 = Release|Any CPU
		{0266DE6C-3402-4778-B587-97B8A7368A6C}.Debug|Any CPU.ActiveCfg = Debug|Any CPU
		{0266DE6C-3402-4778-B587-97B8A7368A6C}.Debug|Any CPU.Build.0 = Debug|Any CPU
		{0266DE6C-3402-4778-B587-97B8A7368A6C}.Debug|x64.ActiveCfg = Debug|Any CPU
		{0266DE6C-3402-4778-B587-97B8A7368A6C}.Debug|x64.Build.0 = Debug|Any CPU
		{0266DE6C-3402-4778-B587-97B8A7368A6C}.Debug|x86.ActiveCfg = Debug|Any CPU
		{0266DE6C-3402-4778-B587-97B8A7368A6C}.Debug|x86.Build.0 = Debug|Any CPU
		{0266DE6C-3402-4778-B587-97B8A7368A6C}.Release|Any CPU.ActiveCfg = Release|Any CPU
		{0266DE6C-3402-4778-B587-97B8A7368A6C}.Release|Any CPU.Build.0 = Release|Any CPU
		{0266DE6C-3402-4778-B587-97B8A7368A6C}.Release|x64.ActiveCfg = Release|Any CPU
		{0266DE6C-3402-4778-B587-97B8A7368A6C}.Release|x64.Build.0 = Release|Any CPU
		{0266DE6C-3402-4778-B587-97B8A7368A6C}.Release|x86.ActiveCfg = Release|Any CPU
		{0266DE6C-3402-4778-B587-97B8A7368A6C}.Release|x86.Build.0 = Release|Any CPU
		{B69114CF-193C-421D-BA1D-2B8090CEE889}.Debug|Any CPU.ActiveCfg = Debug|Any CPU
		{B69114CF-193C-421D-BA1D-2B8090CEE889}.Debug|Any CPU.Build.0 = Debug|Any CPU
		{B69114CF-193C-421D-BA1D-2B8090CEE889}.Debug|x64.ActiveCfg = Debug|Any CPU
		{B69114CF-193C-421D-BA1D-2B8090CEE889}.Debug|x64.Build.0 = Debug|Any CPU
		{B69114CF-193C-421D-BA1D-2B8090CEE889}.Debug|x86.ActiveCfg = Debug|Any CPU
		{B69114CF-193C-421D-BA1D-2B8090CEE889}.Debug|x86.Build.0 = Debug|Any CPU
		{B69114CF-193C-421D-BA1D-2B8090CEE889}.Release|Any CPU.ActiveCfg = Release|Any CPU
		{B69114CF-193C-421D-BA1D-2B8090CEE889}.Release|Any CPU.Build.0 = Release|Any CPU
		{B69114CF-193C-421D-BA1D-2B8090CEE889}.Release|x64.ActiveCfg = Release|Any CPU
		{B69114CF-193C-421D-BA1D-2B8090CEE889}.Release|x64.Build.0 = Release|Any CPU
		{B69114CF-193C-421D-BA1D-2B8090CEE889}.Release|x86.ActiveCfg = Release|Any CPU
		{B69114CF-193C-421D-BA1D-2B8090CEE889}.Release|x86.Build.0 = Release|Any CPU
		{6992B26C-A0EB-4371-A5CF-947C436B22A6}.Debug|Any CPU.ActiveCfg = Debug|Any CPU
		{6992B26C-A0EB-4371-A5CF-947C436B22A6}.Debug|Any CPU.Build.0 = Debug|Any CPU
		{6992B26C-A0EB-4371-A5CF-947C436B22A6}.Debug|x64.ActiveCfg = Debug|Any CPU
		{6992B26C-A0EB-4371-A5CF-947C436B22A6}.Debug|x64.Build.0 = Debug|Any CPU
		{6992B26C-A0EB-4371-A5CF-947C436B22A6}.Debug|x86.ActiveCfg = Debug|Any CPU
		{6992B26C-A0EB-4371-A5CF-947C436B22A6}.Debug|x86.Build.0 = Debug|Any CPU
		{6992B26C-A0EB-4371-A5CF-947C436B22A6}.Release|Any CPU.ActiveCfg = Release|Any CPU
		{6992B26C-A0EB-4371-A5CF-947C436B22A6}.Release|Any CPU.Build.0 = Release|Any CPU
		{6992B26C-A0EB-4371-A5CF-947C436B22A6}.Release|x64.ActiveCfg = Release|Any CPU
		{6992B26C-A0EB-4371-A5CF-947C436B22A6}.Release|x64.Build.0 = Release|Any CPU
		{6992B26C-A0EB-4371-A5CF-947C436B22A6}.Release|x86.ActiveCfg = Release|Any CPU
		{6992B26C-A0EB-4371-A5CF-947C436B22A6}.Release|x86.Build.0 = Release|Any CPU
		{856BF00B-15C2-4591-9A07-658C67293A43}.Debug|Any CPU.ActiveCfg = Debug|Any CPU
		{856BF00B-15C2-4591-9A07-658C67293A43}.Debug|Any CPU.Build.0 = Debug|Any CPU
		{856BF00B-15C2-4591-9A07-658C67293A43}.Debug|x64.ActiveCfg = Debug|Any CPU
		{856BF00B-15C2-4591-9A07-658C67293A43}.Debug|x64.Build.0 = Debug|Any CPU
		{856BF00B-15C2-4591-9A07-658C67293A43}.Debug|x86.ActiveCfg = Debug|Any CPU
		{856BF00B-15C2-4591-9A07-658C67293A43}.Debug|x86.Build.0 = Debug|Any CPU
		{856BF00B-15C2-4591-9A07-658C67293A43}.Release|Any CPU.ActiveCfg = Release|Any CPU
		{856BF00B-15C2-4591-9A07-658C67293A43}.Release|Any CPU.Build.0 = Release|Any CPU
		{856BF00B-15C2-4591-9A07-658C67293A43}.Release|x64.ActiveCfg = Release|Any CPU
		{856BF00B-15C2-4591-9A07-658C67293A43}.Release|x64.Build.0 = Release|Any CPU
		{856BF00B-15C2-4591-9A07-658C67293A43}.Release|x86.ActiveCfg = Release|Any CPU
		{856BF00B-15C2-4591-9A07-658C67293A43}.Release|x86.Build.0 = Release|Any CPU
		{62390703-B387-456A-9B94-3548B93010ED}.Debug|Any CPU.ActiveCfg = Debug|Any CPU
		{62390703-B387-456A-9B94-3548B93010ED}.Debug|Any CPU.Build.0 = Debug|Any CPU
		{62390703-B387-456A-9B94-3548B93010ED}.Debug|x64.ActiveCfg = Debug|Any CPU
		{62390703-B387-456A-9B94-3548B93010ED}.Debug|x64.Build.0 = Debug|Any CPU
		{62390703-B387-456A-9B94-3548B93010ED}.Debug|x86.ActiveCfg = Debug|Any CPU
		{62390703-B387-456A-9B94-3548B93010ED}.Debug|x86.Build.0 = Debug|Any CPU
		{62390703-B387-456A-9B94-3548B93010ED}.Release|Any CPU.ActiveCfg = Release|Any CPU
		{62390703-B387-456A-9B94-3548B93010ED}.Release|Any CPU.Build.0 = Release|Any CPU
		{62390703-B387-456A-9B94-3548B93010ED}.Release|x64.ActiveCfg = Release|Any CPU
		{62390703-B387-456A-9B94-3548B93010ED}.Release|x64.Build.0 = Release|Any CPU
		{62390703-B387-456A-9B94-3548B93010ED}.Release|x86.ActiveCfg = Release|Any CPU
		{62390703-B387-456A-9B94-3548B93010ED}.Release|x86.Build.0 = Release|Any CPU
		{A1B2C3D4-5E6F-4789-9ABC-DEF012345678}.Debug|Any CPU.ActiveCfg = Debug|Any CPU
		{A1B2C3D4-5E6F-4789-9ABC-DEF012345678}.Debug|Any CPU.Build.0 = Debug|Any CPU
		{A1B2C3D4-5E6F-4789-9ABC-DEF012345678}.Debug|x64.ActiveCfg = Debug|Any CPU
		{A1B2C3D4-5E6F-4789-9ABC-DEF012345678}.Debug|x64.Build.0 = Debug|Any CPU
		{A1B2C3D4-5E6F-4789-9ABC-DEF012345678}.Debug|x86.ActiveCfg = Debug|Any CPU
		{A1B2C3D4-5E6F-4789-9ABC-DEF012345678}.Debug|x86.Build.0 = Debug|Any CPU
		{A1B2C3D4-5E6F-4789-9ABC-DEF012345678}.Release|Any CPU.ActiveCfg = Release|Any CPU
		{A1B2C3D4-5E6F-4789-9ABC-DEF012345678}.Release|Any CPU.Build.0 = Release|Any CPU
		{A1B2C3D4-5E6F-4789-9ABC-DEF012345678}.Release|x64.ActiveCfg = Release|Any CPU
		{A1B2C3D4-5E6F-4789-9ABC-DEF012345678}.Release|x64.Build.0 = Release|Any CPU
		{A1B2C3D4-5E6F-4789-9ABC-DEF012345678}.Release|x86.ActiveCfg = Release|Any CPU
		{A1B2C3D4-5E6F-4789-9ABC-DEF012345678}.Release|x86.Build.0 = Release|Any CPU
		{B2C3D4E5-6F70-4890-ABCD-EF0123456789}.Debug|Any CPU.ActiveCfg = Debug|Any CPU
		{B2C3D4E5-6F70-4890-ABCD-EF0123456789}.Debug|Any CPU.Build.0 = Debug|Any CPU
		{B2C3D4E5-6F70-4890-ABCD-EF0123456789}.Debug|x64.ActiveCfg = Debug|Any CPU
		{B2C3D4E5-6F70-4890-ABCD-EF0123456789}.Debug|x64.Build.0 = Debug|Any CPU
		{B2C3D4E5-6F70-4890-ABCD-EF0123456789}.Debug|x86.ActiveCfg = Debug|Any CPU
		{B2C3D4E5-6F70-4890-ABCD-EF0123456789}.Debug|x86.Build.0 = Debug|Any CPU
		{B2C3D4E5-6F70-4890-ABCD-EF0123456789}.Release|Any CPU.ActiveCfg = Release|Any CPU
		{B2C3D4E5-6F70-4890-ABCD-EF0123456789}.Release|Any CPU.Build.0 = Release|Any CPU
		{B2C3D4E5-6F70-4890-ABCD-EF0123456789}.Release|x64.ActiveCfg = Release|Any CPU
		{B2C3D4E5-6F70-4890-ABCD-EF0123456789}.Release|x64.Build.0 = Release|Any CPU
		{B2C3D4E5-6F70-4890-ABCD-EF0123456789}.Release|x86.ActiveCfg = Release|Any CPU
		{B2C3D4E5-6F70-4890-ABCD-EF0123456789}.Release|x86.Build.0 = Release|Any CPU
	EndGlobalSection
	GlobalSection(SolutionProperties) = preSolution
		HideSolutionNode = FALSE
	EndGlobalSection
	GlobalSection(NestedProjects) = preSolution
		{A1B2C3D4-5E6F-4789-9ABC-DEF012345678} = {C3D4E5F6-7081-4901-BCDE-F01234567890}
		{B2C3D4E5-6F70-4890-ABCD-EF0123456789} = {C3D4E5F6-7081-4901-BCDE-F01234567890}
	EndGlobalSection
	GlobalSection(ExtensibilityGlobals) = postSolution
		SolutionGuid = {C5B275C9-3D0D-46A6-9B9D-0560B708CC7F}
	EndGlobalSection
EndGlobal
